
Microsoft Visual Studio Solution File, Format Version 12.00
# Visual Studio Version 17
VisualStudioVersion = 17.8.34322.80
MinimumVisualStudioVersion = 10.0.40219.1
Project("{9A19103F-16F7-4668-BE54-9A1E7A4F7556}") = "EnergySupplier", "EnergySupplier\EnergySupplier.csproj", "{446E2282-8AD4-4C5A-B6EC-19462148E021}"
EndProject
Project("{FAE04EC0-301F-11D3-BF4B-00C04F79EFBC}") = "EnergySupplier.Tests", "EnergySupplier.Tests\EnergySupplier.Tests.csproj", "{B9FD3310-6BF3-44D1-B690-B6050E76D849}"
EndProject
Global
	GlobalSection(SolutionConfigurationPlatforms) = preSolution
		Debug|Any CPU = Debug|Any CPU
		Release|Any CPU = Release|Any CPU
	EndGlobalSection
	GlobalSection(ProjectConfigurationPlatforms) = postSolution
		{446E2282-8AD4-4C5A-B6EC-19462148E021}.Debug|Any CPU.ActiveCfg = Debug|Any CPU
		{446E2282-8AD4-4C5A-B6EC-19462148E021}.Debug|Any CPU.Build.0 = Debug|Any CPU
		{446E2282-8AD4-4C5A-B6EC-19462148E021}.Release|Any CPU.ActiveCfg = Release|Any CPU
		{446E2282-8AD4-4C5A-B6EC-19462148E021}.Release|Any CPU.Build.0 = Release|Any CPU
		{B9FD3310-6BF3-44D1-B690-B6050E76D849}.Debug|Any CPU.ActiveCfg = Debug|Any CPU
		{B9FD3310-6BF3-44D1-B690-B6050E76D849}.Debug|Any CPU.Build.0 = Debug|Any CPU
		{B9FD3310-6BF3-44D1-B690-B6050E76D849}.Release|Any CPU.ActiveCfg = Release|Any CPU
		{B9FD3310-6BF3-44D1-B690-B6050E76D849}.Release|Any CPU.Build.0 = Release|Any CPU
	EndGlobalSection
	GlobalSection(SolutionProperties) = preSolution
		HideSolutionNode = FALSE
	EndGlobalSection
	GlobalSection(ExtensibilityGlobals) = postSolution
		SolutionGuid = {2EB88E85-AC84-4D24-BE43-E92C4C822A43}
	EndGlobalSection
EndGlobal
